
Microsoft Visual Studio Solution File, Format Version 12.00
# Visual Studio Version 16
VisualStudioVersion = 16.0.30114.105
MinimumVisualStudioVersion = 10.0.40219.1
Project("{2150E333-8FDC-42A3-9474-1A3956D46DE8}") = "Receiver", "Receiver", "{48D9F289-131E-41EC-B318-7C5B13FF04C9}"
EndProject
Project("{2150E333-8FDC-42A3-9474-1A3956D46DE8}") = "Presentation", "Presentation", "{7C8A2EED-4737-480E-9CF1-EE6428E5F5C8}"
EndProject
Project("{2150E333-8FDC-42A3-9474-1A3956D46DE8}") = "Application", "Application", "{1161262A-DAA3-4CD3-858B-6C2FC3EDE477}"
EndProject
Project("{2150E333-8FDC-42A3-9474-1A3956D46DE8}") = "Infrastructure", "Infrastructure", "{01EAF187-820F-4B91-A828-94E929D417B2}"
EndProject
Project("{9A19103F-16F7-4668-BE54-9A1E7A4F7556}") = "Jeepee.IO.Receiver.Application", "Jeepee.IO.Receiver.Application\Jeepee.IO.Receiver.Application.csproj", "{439A0F2E-199A-4EBB-BEDE-D39C44D603CD}"
EndProject
Project("{9A19103F-16F7-4668-BE54-9A1E7A4F7556}") = "Jeepee.IO.Receiver.Presentation.API", "Jeepee.IO.Receiver.Presentation.API\Jeepee.IO.Receiver.Presentation.API.csproj", "{7DAE2B1E-2AA9-4926-A311-55F4627DF712}"
EndProject
Global
	GlobalSection(SolutionConfigurationPlatforms) = preSolution
		Debug|Any CPU = Debug|Any CPU
		Release|Any CPU = Release|Any CPU
	EndGlobalSection
	GlobalSection(ProjectConfigurationPlatforms) = postSolution
		{439A0F2E-199A-4EBB-BEDE-D39C44D603CD}.Debug|Any CPU.ActiveCfg = Debug|Any CPU
		{439A0F2E-199A-4EBB-BEDE-D39C44D603CD}.Debug|Any CPU.Build.0 = Debug|Any CPU
		{439A0F2E-199A-4EBB-BEDE-D39C44D603CD}.Release|Any CPU.ActiveCfg = Release|Any CPU
		{439A0F2E-199A-4EBB-BEDE-D39C44D603CD}.Release|Any CPU.Build.0 = Release|Any CPU
		{7DAE2B1E-2AA9-4926-A311-55F4627DF712}.Debug|Any CPU.ActiveCfg = Debug|Any CPU
		{7DAE2B1E-2AA9-4926-A311-55F4627DF712}.Debug|Any CPU.Build.0 = Debug|Any CPU
		{7DAE2B1E-2AA9-4926-A311-55F4627DF712}.Release|Any CPU.ActiveCfg = Release|Any CPU
		{7DAE2B1E-2AA9-4926-A311-55F4627DF712}.Release|Any CPU.Build.0 = Release|Any CPU
	EndGlobalSection
	GlobalSection(SolutionProperties) = preSolution
		HideSolutionNode = FALSE
	EndGlobalSection
	GlobalSection(NestedProjects) = preSolution
		{7C8A2EED-4737-480E-9CF1-EE6428E5F5C8} = {48D9F289-131E-41EC-B318-7C5B13FF04C9}
		{1161262A-DAA3-4CD3-858B-6C2FC3EDE477} = {48D9F289-131E-41EC-B318-7C5B13FF04C9}
		{01EAF187-820F-4B91-A828-94E929D417B2} = {48D9F289-131E-41EC-B318-7C5B13FF04C9}
		{439A0F2E-199A-4EBB-BEDE-D39C44D603CD} = {1161262A-DAA3-4CD3-858B-6C2FC3EDE477}
		{7DAE2B1E-2AA9-4926-A311-55F4627DF712} = {7C8A2EED-4737-480E-9CF1-EE6428E5F5C8}
	EndGlobalSection
	GlobalSection(ExtensibilityGlobals) = postSolution
		SolutionGuid = {414A1D63-3AAE-410B-B89B-29E689BF3B0E}
	EndGlobalSection
EndGlobal
