
Microsoft Visual Studio Solution File, Format Version 12.00
# Visual Studio 15
VisualStudioVersion = 15.0.28307.271
MinimumVisualStudioVersion = 10.0.40219.1
Project("{2150E333-8FDC-42A3-9474-1A3956D46DE8}") = "Authorisation", "Authorisation", "{613382FB-8D3F-4711-A4AD-6F02AD26D4F2}"
EndProject
Project("{2150E333-8FDC-42A3-9474-1A3956D46DE8}") = "Receiver", "Receiver", "{48D9F289-131E-41EC-B318-7C5B13FF04C9}"
EndProject
Project("{2150E333-8FDC-42A3-9474-1A3956D46DE8}") = "Controller", "Controller", "{926B13E7-A571-4E59-8573-1FA51173F030}"
EndProject
Project("{2150E333-8FDC-42A3-9474-1A3956D46DE8}") = "Presentation", "Presentation", "{7C8A2EED-4737-480E-9CF1-EE6428E5F5C8}"
EndProject
Project("{2150E333-8FDC-42A3-9474-1A3956D46DE8}") = "Application", "Application", "{1161262A-DAA3-4CD3-858B-6C2FC3EDE477}"
EndProject
Project("{2150E333-8FDC-42A3-9474-1A3956D46DE8}") = "Infrastructure", "Infrastructure", "{01EAF187-820F-4B91-A828-94E929D417B2}"
EndProject
Project("{2150E333-8FDC-42A3-9474-1A3956D46DE8}") = "Application", "Application", "{1FA8F5B7-7380-4346-A039-33C2EB9AA27E}"
EndProject
Project("{2150E333-8FDC-42A3-9474-1A3956D46DE8}") = "Infrastructure", "Infrastructure", "{B1465EAD-A222-4178-B1E0-EE385BF818DB}"
EndProject
Project("{2150E333-8FDC-42A3-9474-1A3956D46DE8}") = "Presentation", "Presentation", "{41007788-4025-486D-9152-6A620D7FA154}"
EndProject
Project("{2150E333-8FDC-42A3-9474-1A3956D46DE8}") = "Application", "Application", "{3E53BBF8-D048-4143-AC9A-15E5B05953BB}"
EndProject
Project("{2150E333-8FDC-42A3-9474-1A3956D46DE8}") = "Presentation", "Presentation", "{4579F838-0596-4F15-B926-4D14C33CFD6B}"
EndProject
Project("{2150E333-8FDC-42A3-9474-1A3956D46DE8}") = "Infrastructure", "Infrastructure", "{66FEC678-883D-466E-869A-4AB0A25A3D16}"
EndProject
Project("{9A19103F-16F7-4668-BE54-9A1E7A4F7556}") = "Jeepee.IO.Receiver.Application", "Jeepee.IO.Receiver.Application\Jeepee.IO.Receiver.Application.csproj", "{439A0F2E-199A-4EBB-BEDE-D39C44D603CD}"
EndProject
Project("{9A19103F-16F7-4668-BE54-9A1E7A4F7556}") = "Jeepee.IO.Authorisation.Presentation.API", "Jeepee.IO.Authorisation.Presentation.API\Jeepee.IO.Authorisation.Presentation.API.csproj", "{A1A06385-2C95-472B-B1E2-31B66E5DDF1B}"
EndProject
Project("{FAE04EC0-301F-11D3-BF4B-00C04F79EFBC}") = "Jeepee.IO.Controller.Presentation.GUI", "Jeepee.IO.Controller.Presentation.GUI\Jeepee.IO.Controller.Presentation.GUI.csproj", "{18EB469C-784F-4B01-83EC-4C638423891F}"
EndProject
Project("{9A19103F-16F7-4668-BE54-9A1E7A4F7556}") = "Jeepee.IO.Controller.Application", "Jeepee.IO.Controller.Application\Jeepee.IO.Controller.Application.csproj", "{303B1193-1731-4988-B9A4-9F0CB8D072F8}"
EndProject
Project("{9A19103F-16F7-4668-BE54-9A1E7A4F7556}") = "Jeepee.IO.Receiver.Presentation.API", "Jeepee.IO.Receiver.Presentation.API\Jeepee.IO.Receiver.Presentation.API.csproj", "{7DAE2B1E-2AA9-4926-A311-55F4627DF712}"
EndProject
Global
	GlobalSection(SolutionConfigurationPlatforms) = preSolution
		Debug|Any CPU = Debug|Any CPU
		Release|Any CPU = Release|Any CPU
	EndGlobalSection
	GlobalSection(ProjectConfigurationPlatforms) = postSolution
		{439A0F2E-199A-4EBB-BEDE-D39C44D603CD}.Debug|Any CPU.ActiveCfg = Debug|Any CPU
		{439A0F2E-199A-4EBB-BEDE-D39C44D603CD}.Debug|Any CPU.Build.0 = Debug|Any CPU
		{439A0F2E-199A-4EBB-BEDE-D39C44D603CD}.Release|Any CPU.ActiveCfg = Release|Any CPU
		{439A0F2E-199A-4EBB-BEDE-D39C44D603CD}.Release|Any CPU.Build.0 = Release|Any CPU
		{A1A06385-2C95-472B-B1E2-31B66E5DDF1B}.Debug|Any CPU.ActiveCfg = Debug|Any CPU
		{A1A06385-2C95-472B-B1E2-31B66E5DDF1B}.Debug|Any CPU.Build.0 = Debug|Any CPU
		{A1A06385-2C95-472B-B1E2-31B66E5DDF1B}.Release|Any CPU.ActiveCfg = Release|Any CPU
		{A1A06385-2C95-472B-B1E2-31B66E5DDF1B}.Release|Any CPU.Build.0 = Release|Any CPU
		{18EB469C-784F-4B01-83EC-4C638423891F}.Debug|Any CPU.ActiveCfg = Debug|Any CPU
		{18EB469C-784F-4B01-83EC-4C638423891F}.Debug|Any CPU.Build.0 = Debug|Any CPU
		{18EB469C-784F-4B01-83EC-4C638423891F}.Release|Any CPU.ActiveCfg = Release|Any CPU
		{18EB469C-784F-4B01-83EC-4C638423891F}.Release|Any CPU.Build.0 = Release|Any CPU
		{303B1193-1731-4988-B9A4-9F0CB8D072F8}.Debug|Any CPU.ActiveCfg = Debug|Any CPU
		{303B1193-1731-4988-B9A4-9F0CB8D072F8}.Debug|Any CPU.Build.0 = Debug|Any CPU
		{303B1193-1731-4988-B9A4-9F0CB8D072F8}.Release|Any CPU.ActiveCfg = Release|Any CPU
		{303B1193-1731-4988-B9A4-9F0CB8D072F8}.Release|Any CPU.Build.0 = Release|Any CPU
		{7DAE2B1E-2AA9-4926-A311-55F4627DF712}.Debug|Any CPU.ActiveCfg = Debug|Any CPU
		{7DAE2B1E-2AA9-4926-A311-55F4627DF712}.Debug|Any CPU.Build.0 = Debug|Any CPU
		{7DAE2B1E-2AA9-4926-A311-55F4627DF712}.Release|Any CPU.ActiveCfg = Release|Any CPU
		{7DAE2B1E-2AA9-4926-A311-55F4627DF712}.Release|Any CPU.Build.0 = Release|Any CPU
	EndGlobalSection
	GlobalSection(SolutionProperties) = preSolution
		HideSolutionNode = FALSE
	EndGlobalSection
	GlobalSection(NestedProjects) = preSolution
		{7C8A2EED-4737-480E-9CF1-EE6428E5F5C8} = {48D9F289-131E-41EC-B318-7C5B13FF04C9}
		{1161262A-DAA3-4CD3-858B-6C2FC3EDE477} = {48D9F289-131E-41EC-B318-7C5B13FF04C9}
		{01EAF187-820F-4B91-A828-94E929D417B2} = {48D9F289-131E-41EC-B318-7C5B13FF04C9}
		{1FA8F5B7-7380-4346-A039-33C2EB9AA27E} = {926B13E7-A571-4E59-8573-1FA51173F030}
		{B1465EAD-A222-4178-B1E0-EE385BF818DB} = {926B13E7-A571-4E59-8573-1FA51173F030}
		{41007788-4025-486D-9152-6A620D7FA154} = {926B13E7-A571-4E59-8573-1FA51173F030}
		{3E53BBF8-D048-4143-AC9A-15E5B05953BB} = {613382FB-8D3F-4711-A4AD-6F02AD26D4F2}
		{4579F838-0596-4F15-B926-4D14C33CFD6B} = {613382FB-8D3F-4711-A4AD-6F02AD26D4F2}
		{66FEC678-883D-466E-869A-4AB0A25A3D16} = {613382FB-8D3F-4711-A4AD-6F02AD26D4F2}
		{439A0F2E-199A-4EBB-BEDE-D39C44D603CD} = {1161262A-DAA3-4CD3-858B-6C2FC3EDE477}
		{A1A06385-2C95-472B-B1E2-31B66E5DDF1B} = {4579F838-0596-4F15-B926-4D14C33CFD6B}
		{18EB469C-784F-4B01-83EC-4C638423891F} = {41007788-4025-486D-9152-6A620D7FA154}
		{303B1193-1731-4988-B9A4-9F0CB8D072F8} = {1FA8F5B7-7380-4346-A039-33C2EB9AA27E}
		{7DAE2B1E-2AA9-4926-A311-55F4627DF712} = {7C8A2EED-4737-480E-9CF1-EE6428E5F5C8}
	EndGlobalSection
	GlobalSection(ExtensibilityGlobals) = postSolution
		SolutionGuid = {414A1D63-3AAE-410B-B89B-29E689BF3B0E}
	EndGlobalSection
EndGlobal
